// !$*UTF8*$!
{
	archiveVersion = 1;
	classes = {
	};
	objectVersion = 77;
	objects = {

/* Begin PBXBuildFile section */
		3C654B3E2EDF0879005F6357 /* README.md in Resources */ = {isa = PBXBuildFile; fileRef = 3C654B3D2EDF0879005F6357 /* README.md */; };
/* End PBXBuildFile section */

/* Begin PBXContainerItemProxy section */
		3C654B1C2EDF0146005F6357 /* PBXContainerItemProxy */ = {
			isa = PBXContainerItemProxy;
			containerPortal = 3C654B062EDF0144005F6357 /* Project object */;
			proxyType = 1;
			remoteGlobalIDString = 3C654B0D2EDF0144005F6357;
			remoteInfo = SwiftLeeConcurrently;
		};
		3C654B262EDF0146005F6357 /* PBXContainerItemProxy */ = {
			isa = PBXContainerItemProxy;
			containerPortal = 3C654B062EDF0144005F6357 /* Project object */;
			proxyType = 1;
			remoteGlobalIDString = 3C654B0D2EDF0144005F6357;
			remoteInfo = SwiftLeeConcurrently;
		};
/* End PBXContainerItemProxy section */

/* Begin PBXFileReference section */
		3C654B0E2EDF0144005F6357 /* SwiftLeeConcurrently.app */ = {isa = PBXFileReference; explicitFileType = wrapper.application; includeInIndex = 0; path = SwiftLeeConcurrently.app; sourceTree = BUILT_PRODUCTS_DIR; };
		3C654B1B2EDF0146005F6357 /* SwiftLeeConcurrentlyTests.xctest */ = {isa = PBXFileReference; explicitFileType = wrapper.cfbundle; includeInIndex = 0; path = SwiftLeeConcurrentlyTests.xctest; sourceTree = BUILT_PRODUCTS_DIR; };
		3C654B252EDF0146005F6357 /* SwiftLeeConcurrentlyUITests.xctest */ = {isa = PBXFileReference; explicitFileType = wrapper.cfbundle; includeInIndex = 0; path = SwiftLeeConcurrentlyUITests.xctest; sourceTree = BUILT_PRODUCTS_DIR; };
		3C654B3D2EDF0879005F6357 /* README.md */ = {isa = PBXFileReference; lastKnownFileType = net.daringfireball.markdown; path = README.md; sourceTree = "<group>"; };
/* End PBXFileReference section */

/* Begin PBXFileSystemSynchronizedRootGroup section */
		3C654B102EDF0144005F6357 /* SwiftLeeConcurrently */ = {
			isa = PBXFileSystemSynchronizedRootGroup;
			path = SwiftLeeConcurrently;
			sourceTree = "<group>";
		};
		3C654B1E2EDF0146005F6357 /* SwiftLeeConcurrentlyTests */ = {
			isa = PBXFileSystemSynchronizedRootGroup;
			path = SwiftLeeConcurrentlyTests;
			sourceTree = "<group>";
		};
		3C654B282EDF0146005F6357 /* SwiftLeeConcurrentlyUITests */ = {
			isa = PBXFileSystemSynchronizedRootGroup;
			path = SwiftLeeConcurrentlyUITests;
			sourceTree = "<group>";
		};
/* End PBXFileSystemSynchronizedRootGroup section */

/* Begin PBXFrameworksBuildPhase section */
		3C654B0B2EDF0144005F6357 /* Frameworks */ = {
			isa = PBXFrameworksBuildPhase;
			buildActionMask = 2147483647;
			files = (
			);
			runOnlyForDeploymentPostprocessing = 0;
		};
		3C654B182EDF0146005F6357 /* Frameworks */ = {
			isa = PBXFrameworksBuildPhase;
			buildActionMask = 2147483647;
			files = (
			);
			runOnlyForDeploymentPostprocessing = 0;
		};
		3C654B222EDF0146005F6357 /* Frameworks */ = {
			isa = PBXFrameworksBuildPhase;
			buildActionMask = 2147483647;
			files = (
			);
			runOnlyForDeploymentPostprocessing = 0;
		};
/* End PBXFrameworksBuildPhase section */

/* Begin PBXGroup section */
		3C654B052EDF0144005F6357 = {
			isa = PBXGroup;
			children = (
				3C654B3D2EDF0879005F6357 /* README.md */,
				3C654B102EDF0144005F6357 /* SwiftLeeConcurrently */,
				3C654B1E2EDF0146005F6357 /* SwiftLeeConcurrentlyTests */,
				3C654B282EDF0146005F6357 /* SwiftLeeConcurrentlyUITests */,
				3C654B0F2EDF0144005F6357 /* Products */,
			);
			sourceTree = "<group>";
		};
		3C654B0F2EDF0144005F6357 /* Products */ = {
			isa = PBXGroup;
			children = (
				3C654B0E2EDF0144005F6357 /* SwiftLeeConcurrently.app */,
				3C654B1B2EDF0146005F6357 /* SwiftLeeConcurrentlyTests.xctest */,
				3C654B252EDF0146005F6357 /* SwiftLeeConcurrentlyUITests.xctest */,
			);
			name = Products;
			sourceTree = "<group>";
		};
/* End PBXGroup section */

/* Begin PBXNativeTarget section */
		3C654B0D2EDF0144005F6357 /* SwiftLeeConcurrently */ = {
			isa = PBXNativeTarget;
			buildConfigurationList = 3C654B2F2EDF0146005F6357 /* Build configuration list for PBXNativeTarget "SwiftLeeConcurrently" */;
			buildPhases = (
				3C654B0A2EDF0144005F6357 /* Sources */,
				3C654B0B2EDF0144005F6357 /* Frameworks */,
				3C654B0C2EDF0144005F6357 /* Resources */,
			);
			buildRules = (
			);
			dependencies = (
			);
			fileSystemSynchronizedGroups = (
				3C654B102EDF0144005F6357 /* SwiftLeeConcurrently */,
			);
			name = SwiftLeeConcurrently;
			packageProductDependencies = (
			);
			productName = SwiftLeeConcurrently;
			productReference = 3C654B0E2EDF0144005F6357 /* SwiftLeeConcurrently.app */;
			productType = "com.apple.product-type.application";
		};
		3C654B1A2EDF0146005F6357 /* SwiftLeeConcurrentlyTests */ = {
			isa = PBXNativeTarget;
			buildConfigurationList = 3C654B322EDF0146005F6357 /* Build configuration list for PBXNativeTarget "SwiftLeeConcurrentlyTests" */;
			buildPhases = (
				3C654B172EDF0146005F6357 /* Sources */,
				3C654B182EDF0146005F6357 /* Frameworks */,
				3C654B192EDF0146005F6357 /* Resources */,
			);
			buildRules = (
			);
			dependencies = (
				3C654B1D2EDF0146005F6357 /* PBXTargetDependency */,
			);
			fileSystemSynchronizedGroups = (
				3C654B1E2EDF0146005F6357 /* SwiftLeeConcurrentlyTests */,
			);
			name = SwiftLeeConcurrentlyTests;
			packageProductDependencies = (
			);
			productName = SwiftLeeConcurrentlyTests;
			productReference = 3C654B1B2EDF0146005F6357 /* SwiftLeeConcurrentlyTests.xctest */;
			productType = "com.apple.product-type.bundle.unit-test";
		};
		3C654B242EDF0146005F6357 /* SwiftLeeConcurrentlyUITests */ = {
			isa = PBXNativeTarget;
			buildConfigurationList = 3C654B352EDF0146005F6357 /* Build configuration list for PBXNativeTarget "SwiftLeeConcurrentlyUITests" */;
			buildPhases = (
				3C654B212EDF0146005F6357 /* Sources */,
				3C654B222EDF0146005F6357 /* Frameworks */,
				3C654B232EDF0146005F6357 /* Resources */,
			);
			buildRules = (
			);
			dependencies = (
				3C654B272EDF0146005F6357 /* PBXTargetDependency */,
			);
			fileSystemSynchronizedGroups = (
				3C654B282EDF0146005F6357 /* SwiftLeeConcurrentlyUITests */,
			);
			name = SwiftLeeConcurrentlyUITests;
			packageProductDependencies = (
			);
			productName = SwiftLeeConcurrentlyUITests;
			productReference = 3C654B252EDF0146005F6357 /* SwiftLeeConcurrentlyUITests.xctest */;
			productType = "com.apple.product-type.bundle.ui-testing";
		};
/* End PBXNativeTarget section */

/* Begin PBXProject section */
		3C654B062EDF0144005F6357 /* Project object */ = {
			isa = PBXProject;
			attributes = {
				BuildIndependentTargetsInParallel = 1;
				LastSwiftUpdateCheck = 2600;
				LastUpgradeCheck = 2620;
				TargetAttributes = {
					3C654B0D2EDF0144005F6357 = {
						CreatedOnToolsVersion = 26.0;
					};
					3C654B1A2EDF0146005F6357 = {
						CreatedOnToolsVersion = 26.0;
						TestTargetID = 3C654B0D2EDF0144005F6357;
					};
					3C654B242EDF0146005F6357 = {
						CreatedOnToolsVersion = 26.0;
						TestTargetID = 3C654B0D2EDF0144005F6357;
					};
				};
			};
			buildConfigurationList = 3C654B092EDF0144005F6357 /* Build configuration list for PBXProject "SwiftLeeConcurrently" */;
			developmentRegion = en;
			hasScannedForEncodings = 0;
			knownRegions = (
				en,
				Base,
			);
			mainGroup = 3C654B052EDF0144005F6357;
			minimizedProjectReferenceProxies = 1;
			preferredProjectObjectVersion = 77;
			productRefGroup = 3C654B0F2EDF0144005F6357 /* Products */;
			projectDirPath = "";
			projectRoot = "";
			targets = (
				3C654B0D2EDF0144005F6357 /* SwiftLeeConcurrently */,
				3C654B1A2EDF0146005F6357 /* SwiftLeeConcurrentlyTests */,
				3C654B242EDF0146005F6357 /* SwiftLeeConcurrentlyUITests */,
			);
		};
/* End PBXProject section */

/* Begin PBXResourcesBuildPhase section */
		3C654B0C2EDF0144005F6357 /* Resources */ = {
			isa = PBXResourcesBuildPhase;
			buildActionMask = 2147483647;
			files = (
				3C654B3E2EDF0879005F6357 /* README.md in Resources */,
			);
			runOnlyForDeploymentPostprocessing = 0;
		};
		3C654B192EDF0146005F6357 /* Resources */ = {
			isa = PBXResourcesBuildPhase;
			buildActionMask = 2147483647;
			files = (
			);
			runOnlyForDeploymentPostprocessing = 0;
		};
		3C654B232EDF0146005F6357 /* Resources */ = {
			isa = PBXResourcesBuildPhase;
			buildActionMask = 2147483647;
			files = (
			);
			runOnlyForDeploymentPostprocessing = 0;
		};
/* End PBXResourcesBuildPhase section */

/* Begin PBXSourcesBuildPhase section */
		3C654B0A2EDF0144005F6357 /* Sources */ = {
			isa = PBXSourcesBuildPhase;
			buildActionMask = 2147483647;
			files = (
			);
			runOnlyForDeploymentPostprocessing = 0;
		};
		3C654B172EDF0146005F6357 /* Sources */ = {
			isa = PBXSourcesBuildPhase;
			buildActionMask = 2147483647;
			files = (
			);
			runOnlyForDeploymentPostprocessing = 0;
		};
		3C654B212EDF0146005F6357 /* Sources */ = {
			isa = PBXSourcesBuildPhase;
			buildActionMask = 2147483647;
			files = (
			);
			runOnlyForDeploymentPostprocessing = 0;
		};
/* End PBXSourcesBuildPhase section */

/* Begin PBXTargetDependency section */
		3C654B1D2EDF0146005F6357 /* PBXTargetDependency */ = {
			isa = PBXTargetDependency;
			target = 3C654B0D2EDF0144005F6357 /* SwiftLeeConcurrently */;
			targetProxy = 3C654B1C2EDF0146005F6357 /* PBXContainerItemProxy */;
		};
		3C654B272EDF0146005F6357 /* PBXTargetDependency */ = {
			isa = PBXTargetDependency;
			target = 3C654B0D2EDF0144005F6357 /* SwiftLeeConcurrently */;
			targetProxy = 3C654B262EDF0146005F6357 /* PBXContainerItemProxy */;
		};
/* End PBXTargetDependency section */

/* Begin XCBuildConfiguration section */
		3C654B2D2EDF0146005F6357 /* Debug */ = {
			isa = XCBuildConfiguration;
			buildSettings = {
				ALWAYS_SEARCH_USER_PATHS = NO;
				ASSETCATALOG_COMPILER_GENERATE_SWIFT_ASSET_SYMBOL_EXTENSIONS = YES;
				CLANG_ANALYZER_NONNULL = YES;
				CLANG_ANALYZER_NUMBER_OBJECT_CONVERSION = YES_AGGRESSIVE;
				CLANG_CXX_LANGUAGE_STANDARD = "gnu++20";
				CLANG_ENABLE_MODULES = YES;
				CLANG_ENABLE_OBJC_ARC = YES;
				CLANG_ENABLE_OBJC_WEAK = YES;
				CLANG_WARN_BLOCK_CAPTURE_AUTORELEASING = YES;
				CLANG_WARN_BOOL_CONVERSION = YES;
				CLANG_WARN_COMMA = YES;
				CLANG_WARN_CONSTANT_CONVERSION = YES;
				CLANG_WARN_DEPRECATED_OBJC_IMPLEMENTATIONS = YES;
				CLANG_WARN_DIRECT_OBJC_ISA_USAGE = YES_ERROR;
				CLANG_WARN_DOCUMENTATION_COMMENTS = YES;
				CLANG_WARN_EMPTY_BODY = YES;
				CLANG_WARN_ENUM_CONVERSION = YES;
				CLANG_WARN_INFINITE_RECURSION = YES;
				CLANG_WARN_INT_CONVERSION = YES;
				CLANG_WARN_NON_LITERAL_NULL_CONVERSION = YES;
				CLANG_WARN_OBJC_IMPLICIT_RETAIN_SELF = YES;
				CLANG_WARN_OBJC_LITERAL_CONVERSION = YES;
				CLANG_WARN_OBJC_ROOT_CLASS = YES_ERROR;
				CLANG_WARN_QUOTED_INCLUDE_IN_FRAMEWORK_HEADER = YES;
				CLANG_WARN_RANGE_LOOP_ANALYSIS = YES;
				CLANG_WARN_STRICT_PROTOTYPES = YES;
				CLANG_WARN_SUSPICIOUS_MOVE = YES;
				CLANG_WARN_UNGUARDED_AVAILABILITY = YES_AGGRESSIVE;
				CLANG_WARN_UNREACHABLE_CODE = YES;
				CLANG_WARN__DUPLICATE_METHOD_MATCH = YES;
				COPY_PHASE_STRIP = NO;
				DEBUG_INFORMATION_FORMAT = dwarf;
				ENABLE_STRICT_OBJC_MSGSEND = YES;
				ENABLE_TESTABILITY = YES;
				ENABLE_USER_SCRIPT_SANDBOXING = YES;
				GCC_C_LANGUAGE_STANDARD = gnu17;
				GCC_DYNAMIC_NO_PIC = NO;
				GCC_NO_COMMON_BLOCKS = YES;
				GCC_OPTIMIZATION_LEVEL = 0;
				GCC_PREPROCESSOR_DEFINITIONS = (
					"DEBUG=1",
					"$(inherited)",
				);
				GCC_WARN_64_TO_32_BIT_CONVERSION = YES;
				GCC_WARN_ABOUT_RETURN_TYPE = YES_ERROR;
				GCC_WARN_PEDANTIC = YES;
				GCC_WARN_UNDECLARED_SELECTOR = YES;
				GCC_WARN_UNINITIALIZED_AUTOS = YES_AGGRESSIVE;
				GCC_WARN_UNUSED_FUNCTION = YES;
				GCC_WARN_UNUSED_VARIABLE = YES;
				IPHONEOS_DEPLOYMENT_TARGET = 26.0;
				LOCALIZATION_PREFERS_STRING_CATALOGS = YES;
				MTL_ENABLE_DEBUG_INFO = INCLUDE_SOURCE;
				MTL_FAST_MATH = YES;
				ONLY_ACTIVE_ARCH = YES;
				SDKROOT = iphoneos;
				STRING_CATALOG_GENERATE_SYMBOLS = YES;
				SWIFT_ACTIVE_COMPILATION_CONDITIONS = "DEBUG $(inherited)";
				SWIFT_APPROACHABLE_CONCURRENCY = YES;
				SWIFT_DEFAULT_ACTOR_ISOLATION = nonisolated;
				SWIFT_OPTIMIZATION_LEVEL = "-Onone";
				SWIFT_STRICT_CONCURRENCY = complete;
				SWIFT_STRICT_MEMORY_SAFETY = YES;
				SWIFT_UPCOMING_FEATURE_INFER_ISOLATED_CONFORMANCES = NO;
				SWIFT_VERSION = 6.0;
			};
			name = Debug;
		};
		3C654B2E2EDF0146005F6357 /* Release */ = {
			isa = XCBuildConfiguration;
			buildSettings = {
				ALWAYS_SEARCH_USER_PATHS = NO;
				ASSETCATALOG_COMPILER_GENERATE_SWIFT_ASSET_SYMBOL_EXTENSIONS = YES;
				CLANG_ANALYZER_NONNULL = YES;
				CLANG_ANALYZER_NUMBER_OBJECT_CONVERSION = YES_AGGRESSIVE;
				CLANG_CXX_LANGUAGE_STANDARD = "gnu++20";
				CLANG_ENABLE_MODULES = YES;
				CLANG_ENABLE_OBJC_ARC = YES;
				CLANG_ENABLE_OBJC_WEAK = YES;
				CLANG_WARN_BLOCK_CAPTURE_AUTORELEASING = YES;
				CLANG_WARN_BOOL_CONVERSION = YES;
				CLANG_WARN_COMMA = YES;
				CLANG_WARN_CONSTANT_CONVERSION = YES;
				CLANG_WARN_DEPRECATED_OBJC_IMPLEMENTATIONS = YES;
				CLANG_WARN_DIRECT_OBJC_ISA_USAGE = YES_ERROR;
				CLANG_WARN_DOCUMENTATION_COMMENTS = YES;
				CLANG_WARN_EMPTY_BODY = YES;
				CLANG_WARN_ENUM_CONVERSION = YES;
				CLANG_WARN_INFINITE_RECURSION = YES;
				CLANG_WARN_INT_CONVERSION = YES;
				CLANG_WARN_NON_LITERAL_NULL_CONVERSION = YES;
				CLANG_WARN_OBJC_IMPLICIT_RETAIN_SELF = YES;
				CLANG_WARN_OBJC_LITERAL_CONVERSION = YES;
				CLANG_WARN_OBJC_ROOT_CLASS = YES_ERROR;
				CLANG_WARN_QUOTED_INCLUDE_IN_FRAMEWORK_HEADER = YES;
				CLANG_WARN_RANGE_LOOP_ANALYSIS = YES;
				CLANG_WARN_STRICT_PROTOTYPES = YES;
				CLANG_WARN_SUSPICIOUS_MOVE = YES;
				CLANG_WARN_UNGUARDED_AVAILABILITY = YES_AGGRESSIVE;
				CLANG_WARN_UNREACHABLE_CODE = YES;
				CLANG_WARN__DUPLICATE_METHOD_MATCH = YES;
				COPY_PHASE_STRIP = NO;
				DEBUG_INFORMATION_FORMAT = "dwarf-with-dsym";
				ENABLE_NS_ASSERTIONS = NO;
				ENABLE_STRICT_OBJC_MSGSEND = YES;
				ENABLE_USER_SCRIPT_SANDBOXING = YES;
				GCC_C_LANGUAGE_STANDARD = gnu17;
				GCC_NO_COMMON_BLOCKS = YES;
				GCC_WARN_64_TO_32_BIT_CONVERSION = YES;
				GCC_WARN_ABOUT_RETURN_TYPE = YES_ERROR;
				GCC_WARN_PEDANTIC = YES;
				GCC_WARN_UNDECLARED_SELECTOR = YES;
				GCC_WARN_UNINITIALIZED_AUTOS = YES_AGGRESSIVE;
				GCC_WARN_UNUSED_FUNCTION = YES;
				GCC_WARN_UNUSED_VARIABLE = YES;
				IPHONEOS_DEPLOYMENT_TARGET = 26.0;
				LOCALIZATION_PREFERS_STRING_CATALOGS = YES;
				MTL_ENABLE_DEBUG_INFO = NO;
				MTL_FAST_MATH = YES;
				SDKROOT = iphoneos;
				STRING_CATALOG_GENERATE_SYMBOLS = YES;
				SWIFT_APPROACHABLE_CONCURRENCY = YES;
				SWIFT_COMPILATION_MODE = wholemodule;
				SWIFT_DEFAULT_ACTOR_ISOLATION = nonisolated;
				SWIFT_STRICT_CONCURRENCY = complete;
				SWIFT_STRICT_MEMORY_SAFETY = YES;
				SWIFT_UPCOMING_FEATURE_INFER_ISOLATED_CONFORMANCES = NO;
				SWIFT_VERSION = 6.0;
				VALIDATE_PRODUCT = YES;
			};
			name = Release;
		};
		3C654B302EDF0146005F6357 /* Debug */ = {
			isa = XCBuildConfiguration;
			buildSettings = {
				ASSETCATALOG_COMPILER_APPICON_NAME = AppIcon;
				ASSETCATALOG_COMPILER_GLOBAL_ACCENT_COLOR_NAME = AccentColor;
				CODE_SIGN_STYLE = Automatic;
				CURRENT_PROJECT_VERSION = 1;
				ENABLE_PREVIEWS = YES;
				GENERATE_INFOPLIST_FILE = YES;
				INFOPLIST_KEY_UIApplicationSceneManifest_Generation = YES;
				INFOPLIST_KEY_UIApplicationSupportsIndirectInputEvents = YES;
				INFOPLIST_KEY_UILaunchScreen_Generation = YES;
				INFOPLIST_KEY_UISupportedInterfaceOrientations_iPad = "UIInterfaceOrientationPortrait UIInterfaceOrientationPortraitUpsideDown UIInterfaceOrientationLandscapeLeft UIInterfaceOrientationLandscapeRight";
				INFOPLIST_KEY_UISupportedInterfaceOrientations_iPhone = "UIInterfaceOrientationPortrait UIInterfaceOrientationLandscapeLeft UIInterfaceOrientationLandscapeRight";
				LD_RUNPATH_SEARCH_PATHS = (
					"$(inherited)",
					"@executable_path/Frameworks",
				);
				MARKETING_VERSION = 1.0;
				PRODUCT_BUNDLE_IDENTIFIER = com.swiftlee.SwiftLeeConcurrently;
				PRODUCT_NAME = "$(TARGET_NAME)";
				STRING_CATALOG_GENERATE_SYMBOLS = YES;
				SWIFT_APPROACHABLE_CONCURRENCY = YES;
				SWIFT_DEFAULT_ACTOR_ISOLATION = nonisolated;
				SWIFT_EMIT_LOC_STRINGS = YES;
				SWIFT_STRICT_CONCURRENCY = complete;
				SWIFT_STRICT_MEMORY_SAFETY = YES;
				SWIFT_UPCOMING_FEATURE_MEMBER_IMPORT_VISIBILITY = YES;
				SWIFT_VERSION = 6.0;
				TARGETED_DEVICE_FAMILY = "1,2";
			};
			name = Debug;
		};
		3C654B312EDF0146005F6357 /* Release */ = {
			isa = XCBuildConfiguration;
			buildSettings = {
				ASSETCATALOG_COMPILER_APPICON_NAME = AppIcon;
				ASSETCATALOG_COMPILER_GLOBAL_ACCENT_COLOR_NAME = AccentColor;
				CODE_SIGN_STYLE = Automatic;
				CURRENT_PROJECT_VERSION = 1;
				ENABLE_PREVIEWS = YES;
				GENERATE_INFOPLIST_FILE = YES;
				INFOPLIST_KEY_UIApplicationSceneManifest_Generation = YES;
				INFOPLIST_KEY_UIApplicationSupportsIndirectInputEvents = YES;
				INFOPLIST_KEY_UILaunchScreen_Generation = YES;
				INFOPLIST_KEY_UISupportedInterfaceOrientations_iPad = "UIInterfaceOrientationPortrait UIInterfaceOrientationPortraitUpsideDown UIInterfaceOrientationLandscapeLeft UIInterfaceOrientationLandscapeRight";
				INFOPLIST_KEY_UISupportedInterfaceOrientations_iPhone = "UIInterfaceOrientationPortrait UIInterfaceOrientationLandscapeLeft UIInterfaceOrientationLandscapeRight";
				LD_RUNPATH_SEARCH_PATHS = (
					"$(inherited)",
					"@executable_path/Frameworks",
				);
				MARKETING_VERSION = 1.0;
				PRODUCT_BUNDLE_IDENTIFIER = com.swiftlee.SwiftLeeConcurrently;
				PRODUCT_NAME = "$(TARGET_NAME)";
				STRING_CATALOG_GENERATE_SYMBOLS = YES;
				SWIFT_APPROACHABLE_CONCURRENCY = YES;
				SWIFT_DEFAULT_ACTOR_ISOLATION = nonisolated;
				SWIFT_EMIT_LOC_STRINGS = YES;
				SWIFT_STRICT_CONCURRENCY = complete;
				SWIFT_STRICT_MEMORY_SAFETY = YES;
				SWIFT_UPCOMING_FEATURE_MEMBER_IMPORT_VISIBILITY = YES;
				SWIFT_VERSION = 6.0;
				TARGETED_DEVICE_FAMILY = "1,2";
			};
			name = Release;
		};
		3C654B332EDF0146005F6357 /* Debug */ = {
			isa = XCBuildConfiguration;
			buildSettings = {
				BUNDLE_LOADER = "$(TEST_HOST)";
				CODE_SIGN_STYLE = Automatic;
				CURRENT_PROJECT_VERSION = 1;
				GENERATE_INFOPLIST_FILE = YES;
				IPHONEOS_DEPLOYMENT_TARGET = 26.0;
				MARKETING_VERSION = 1.0;
				PRODUCT_BUNDLE_IDENTIFIER = com.swiftlee.SwiftLeeConcurrentlyTests;
				PRODUCT_NAME = "$(TARGET_NAME)";
				STRING_CATALOG_GENERATE_SYMBOLS = NO;
				SWIFT_APPROACHABLE_CONCURRENCY = YES;
				SWIFT_EMIT_LOC_STRINGS = NO;
				SWIFT_UPCOMING_FEATURE_MEMBER_IMPORT_VISIBILITY = YES;
				SWIFT_VERSION = 6.0;
				TARGETED_DEVICE_FAMILY = "1,2";
				TEST_HOST = "$(BUILT_PRODUCTS_DIR)/SwiftLeeConcurrently.app/$(BUNDLE_EXECUTABLE_FOLDER_PATH)/SwiftLeeConcurrently";
			};
			name = Debug;
		};
		3C654B342EDF0146005F6357 /* Release */ = {
			isa = XCBuildConfiguration;
			buildSettings = {
				BUNDLE_LOADER = "$(TEST_HOST)";
				CODE_SIGN_STYLE = Automatic;
				CURRENT_PROJECT_VERSION = 1;
				GENERATE_INFOPLIST_FILE = YES;
				IPHONEOS_DEPLOYMENT_TARGET = 26.0;
				MARKETING_VERSION = 1.0;
				PRODUCT_BUNDLE_IDENTIFIER = com.swiftlee.SwiftLeeConcurrentlyTests;
				PRODUCT_NAME = "$(TARGET_NAME)";
				STRING_CATALOG_GENERATE_SYMBOLS = NO;
				SWIFT_APPROACHABLE_CONCURRENCY = YES;
				SWIFT_EMIT_LOC_STRINGS = NO;
				SWIFT_UPCOMING_FEATURE_MEMBER_IMPORT_VISIBILITY = YES;
				SWIFT_VERSION = 6.0;
				TARGETED_DEVICE_FAMILY = "1,2";
				TEST_HOST = "$(BUILT_PRODUCTS_DIR)/SwiftLeeConcurrently.app/$(BUNDLE_EXECUTABLE_FOLDER_PATH)/SwiftLeeConcurrently";
			};
			name = Release;
		};
		3C654B362EDF0146005F6357 /* Debug */ = {
			isa = XCBuildConfiguration;
			buildSettings = {
				CODE_SIGN_STYLE = Automatic;
				CURRENT_PROJECT_VERSION = 1;
				GENERATE_INFOPLIST_FILE = YES;
				MARKETING_VERSION = 1.0;
				PRODUCT_BUNDLE_IDENTIFIER = com.swiftlee.SwiftLeeConcurrentlyUITests;
				PRODUCT_NAME = "$(TARGET_NAME)";
				STRING_CATALOG_GENERATE_SYMBOLS = NO;
				SWIFT_APPROACHABLE_CONCURRENCY = YES;
				SWIFT_EMIT_LOC_STRINGS = NO;
				SWIFT_STRICT_MEMORY_SAFETY = YES;
				SWIFT_UPCOMING_FEATURE_MEMBER_IMPORT_VISIBILITY = YES;
				SWIFT_VERSION = 6.0;
				TARGETED_DEVICE_FAMILY = "1,2";
				TEST_TARGET_NAME = SwiftLeeConcurrently;
			};
			name = Debug;
		};
		3C654B372EDF0146005F6357 /* Release */ = {
			isa = XCBuildConfiguration;
			buildSettings = {
				CODE_SIGN_STYLE = Automatic;
				CURRENT_PROJECT_VERSION = 1;
				GENERATE_INFOPLIST_FILE = YES;
				MARKETING_VERSION = 1.0;
				PRODUCT_BUNDLE_IDENTIFIER = com.swiftlee.SwiftLeeConcurrentlyUITests;
				PRODUCT_NAME = "$(TARGET_NAME)";
				STRING_CATALOG_GENERATE_SYMBOLS = NO;
				SWIFT_APPROACHABLE_CONCURRENCY = YES;
				SWIFT_EMIT_LOC_STRINGS = NO;
				SWIFT_STRICT_MEMORY_SAFETY = YES;
				SWIFT_UPCOMING_FEATURE_MEMBER_IMPORT_VISIBILITY = YES;
				SWIFT_VERSION = 6.0;
				TARGETED_DEVICE_FAMILY = "1,2";
				TEST_TARGET_NAME = SwiftLeeConcurrently;
			};
			name = Release;
		};
/* End XCBuildConfiguration section */

/* Begin XCConfigurationList section */
		3C654B092EDF0144005F6357 /* Build configuration list for PBXProject "SwiftLeeConcurrently" */ = {
			isa = XCConfigurationList;
			buildConfigurations = (
				3C654B2D2EDF0146005F6357 /* Debug */,
				3C654B2E2EDF0146005F6357 /* Release */,
			);
			defaultConfigurationIsVisible = 0;
			defaultConfigurationName = Release;
		};
		3C654B2F2EDF0146005F6357 /* Build configuration list for PBXNativeTarget "SwiftLeeConcurrently" */ = {
			isa = XCConfigurationList;
			buildConfigurations = (
				3C654B302EDF0146005F6357 /* Debug */,
				3C654B312EDF0146005F6357 /* Release */,
			);
			defaultConfigurationIsVisible = 0;
			defaultConfigurationName = Release;
		};
		3C654B322EDF0146005F6357 /* Build configuration list for PBXNativeTarget "SwiftLeeConcurrentlyTests" */ = {
			isa = XCConfigurationList;
			buildConfigurations = (
				3C654B332EDF0146005F6357 /* Debug */,
				3C654B342EDF0146005F6357 /* Release */,
			);
			defaultConfigurationIsVisible = 0;
			defaultConfigurationName = Release;
		};
		3C654B352EDF0146005F6357 /* Build configuration list for PBXNativeTarget "SwiftLeeConcurrentlyUITests" */ = {
			isa = XCConfigurationList;
			buildConfigurations = (
				3C654B362EDF0146005F6357 /* Debug */,
				3C654B372EDF0146005F6357 /* Release */,
			);
			defaultConfigurationIsVisible = 0;
			defaultConfigurationName = Release;
		};
/* End XCConfigurationList section */
	};
	rootObject = 3C654B062EDF0144005F6357 /* Project object */;
}
